
Microsoft Visual Studio Solution File, Format Version 12.00
# Visual Studio Version 17
VisualStudioVersion = 17.4.33801.306
MinimumVisualStudioVersion = 10.0.40219.1
Project("{9A19103F-16F7-4668-BE54-9A1E7A4F7556}") = "HelloCSharp", "HelloCSharp\HelloCSharp.csproj", "{DF74E9AA-3ACE-4B3E-A6E9-61664DC2696C}"
EndProject
Project("{9A19103F-16F7-4668-BE54-9A1E7A4F7556}") = "employeelib", "..\employeelib\employeelib.csproj", "{EEAFEF5F-1A34-4BAA-B252-67B739A39A76}"
EndProject
Project("{9A19103F-16F7-4668-BE54-9A1E7A4F7556}") = "BankLib", "BankLib\BankLib.csproj", "{D1CA9F51-F2D1-4D1F-BB28-DF98A4F29807}"
EndProject
Project("{9A19103F-16F7-4668-BE54-9A1E7A4F7556}") = "BankApplication", "BankApplication\BankApplication.csproj", "{94113125-59AC-4E62-BE0D-017682082FEC}"
EndProject
Project("{9A19103F-16F7-4668-BE54-9A1E7A4F7556}") = "MyWebApp", "MyWebApp\MyWebApp.csproj", "{17B76150-46BE-451B-9D71-EC24C0CCE21D}"
EndProject
Project("{FAE04EC0-301F-11D3-BF4B-00C04F79EFBC}") = "Middleware", "Middleware\Middleware.csproj", "{F2BDF3EB-1DA0-4C2D-95BA-0980392D2AD1}"
EndProject
Project("{FAE04EC0-301F-11D3-BF4B-00C04F79EFBC}") = "RoutingDemo", "RoutingDemo\RoutingDemo.csproj", "{52904D17-667D-41D9-ABF3-8D0E760698FE}"
EndProject
Project("{FAE04EC0-301F-11D3-BF4B-00C04F79EFBC}") = "ControllerDemo", "ControllerDemo\ControllerDemo.csproj", "{121CDA94-CC72-4396-A2A8-96AA31CE693A}"
EndProject
Project("{FAE04EC0-301F-11D3-BF4B-00C04F79EFBC}") = "MVCDemo", "MVCDemo\MVCDemo.csproj", "{C6489374-1FF8-4382-BF4F-8735A48DBD8E}"
EndProject
Project("{FAE04EC0-301F-11D3-BF4B-00C04F79EFBC}") = "PersonService", "PersonService\PersonService.csproj", "{C11793F2-01E2-46D1-BEE8-3B76D913CD26}"
EndProject
Project("{FAE04EC0-301F-11D3-BF4B-00C04F79EFBC}") = "PersonServiceContract", "PersonServiceContract\PersonServiceContract.csproj", "{6BF43809-DDB8-402D-B1B8-40F6D5451C7E}"
EndProject
Project("{FAE04EC0-301F-11D3-BF4B-00C04F79EFBC}") = "ConfigurationDemo", "ConfigurationDemo\ConfigurationDemo.csproj", "{2D41FFA2-E585-416C-AE87-E9D5FC5DFCA4}"
EndProject
Project("{FAE04EC0-301F-11D3-BF4B-00C04F79EFBC}") = "MySampleApp", "MySampleApp\MySampleApp.csproj", "{DB92861B-909E-4D19-AF2F-B73EB34CEBC5}"
EndProject
Project("{FAE04EC0-301F-11D3-BF4B-00C04F79EFBC}") = "MyWebApiDemo", "MyWebApiDemo\MyWebApiDemo.csproj", "{A2DA3367-43B3-4B45-BAAF-58A45CEA7F12}"
EndProject
Global
	GlobalSection(SolutionConfigurationPlatforms) = preSolution
		Debug|Any CPU = Debug|Any CPU
		Release|Any CPU = Release|Any CPU
	EndGlobalSection
	GlobalSection(ProjectConfigurationPlatforms) = postSolution
		{DF74E9AA-3ACE-4B3E-A6E9-61664DC2696C}.Debug|Any CPU.ActiveCfg = Debug|Any CPU
		{DF74E9AA-3ACE-4B3E-A6E9-61664DC2696C}.Debug|Any CPU.Build.0 = Debug|Any CPU
		{DF74E9AA-3ACE-4B3E-A6E9-61664DC2696C}.Release|Any CPU.ActiveCfg = Release|Any CPU
		{DF74E9AA-3ACE-4B3E-A6E9-61664DC2696C}.Release|Any CPU.Build.0 = Release|Any CPU
		{EEAFEF5F-1A34-4BAA-B252-67B739A39A76}.Debug|Any CPU.ActiveCfg = Debug|Any CPU
		{EEAFEF5F-1A34-4BAA-B252-67B739A39A76}.Debug|Any CPU.Build.0 = Debug|Any CPU
		{EEAFEF5F-1A34-4BAA-B252-67B739A39A76}.Release|Any CPU.ActiveCfg = Release|Any CPU
		{EEAFEF5F-1A34-4BAA-B252-67B739A39A76}.Release|Any CPU.Build.0 = Release|Any CPU
		{D1CA9F51-F2D1-4D1F-BB28-DF98A4F29807}.Debug|Any CPU.ActiveCfg = Debug|Any CPU
		{D1CA9F51-F2D1-4D1F-BB28-DF98A4F29807}.Debug|Any CPU.Build.0 = Debug|Any CPU
		{D1CA9F51-F2D1-4D1F-BB28-DF98A4F29807}.Release|Any CPU.ActiveCfg = Release|Any CPU
		{D1CA9F51-F2D1-4D1F-BB28-DF98A4F29807}.Release|Any CPU.Build.0 = Release|Any CPU
		{94113125-59AC-4E62-BE0D-017682082FEC}.Debug|Any CPU.ActiveCfg = Debug|Any CPU
		{94113125-59AC-4E62-BE0D-017682082FEC}.Debug|Any CPU.Build.0 = Debug|Any CPU
		{94113125-59AC-4E62-BE0D-017682082FEC}.Release|Any CPU.ActiveCfg = Release|Any CPU
		{94113125-59AC-4E62-BE0D-017682082FEC}.Release|Any CPU.Build.0 = Release|Any CPU
		{17B76150-46BE-451B-9D71-EC24C0CCE21D}.Debug|Any CPU.ActiveCfg = Debug|Any CPU
		{17B76150-46BE-451B-9D71-EC24C0CCE21D}.Debug|Any CPU.Build.0 = Debug|Any CPU
		{17B76150-46BE-451B-9D71-EC24C0CCE21D}.Release|Any CPU.ActiveCfg = Release|Any CPU
		{17B76150-46BE-451B-9D71-EC24C0CCE21D}.Release|Any CPU.Build.0 = Release|Any CPU
		{F2BDF3EB-1DA0-4C2D-95BA-0980392D2AD1}.Debug|Any CPU.ActiveCfg = Debug|Any CPU
		{F2BDF3EB-1DA0-4C2D-95BA-0980392D2AD1}.Debug|Any CPU.Build.0 = Debug|Any CPU
		{F2BDF3EB-1DA0-4C2D-95BA-0980392D2AD1}.Release|Any CPU.ActiveCfg = Release|Any CPU
		{F2BDF3EB-1DA0-4C2D-95BA-0980392D2AD1}.Release|Any CPU.Build.0 = Release|Any CPU
		{52904D17-667D-41D9-ABF3-8D0E760698FE}.Debug|Any CPU.ActiveCfg = Debug|Any CPU
		{52904D17-667D-41D9-ABF3-8D0E760698FE}.Debug|Any CPU.Build.0 = Debug|Any CPU
		{52904D17-667D-41D9-ABF3-8D0E760698FE}.Release|Any CPU.ActiveCfg = Release|Any CPU
		{52904D17-667D-41D9-ABF3-8D0E760698FE}.Release|Any CPU.Build.0 = Release|Any CPU
		{121CDA94-CC72-4396-A2A8-96AA31CE693A}.Debug|Any CPU.ActiveCfg = Debug|Any CPU
		{121CDA94-CC72-4396-A2A8-96AA31CE693A}.Debug|Any CPU.Build.0 = Debug|Any CPU
		{121CDA94-CC72-4396-A2A8-96AA31CE693A}.Release|Any CPU.ActiveCfg = Release|Any CPU
		{121CDA94-CC72-4396-A2A8-96AA31CE693A}.Release|Any CPU.Build.0 = Release|Any CPU
		{C6489374-1FF8-4382-BF4F-8735A48DBD8E}.Debug|Any CPU.ActiveCfg = Debug|Any CPU
		{C6489374-1FF8-4382-BF4F-8735A48DBD8E}.Debug|Any CPU.Build.0 = Debug|Any CPU
		{C6489374-1FF8-4382-BF4F-8735A48DBD8E}.Release|Any CPU.ActiveCfg = Release|Any CPU
		{C6489374-1FF8-4382-BF4F-8735A48DBD8E}.Release|Any CPU.Build.0 = Release|Any CPU
		{C11793F2-01E2-46D1-BEE8-3B76D913CD26}.Debug|Any CPU.ActiveCfg = Debug|Any CPU
		{C11793F2-01E2-46D1-BEE8-3B76D913CD26}.Debug|Any CPU.Build.0 = Debug|Any CPU
		{C11793F2-01E2-46D1-BEE8-3B76D913CD26}.Release|Any CPU.ActiveCfg = Release|Any CPU
		{C11793F2-01E2-46D1-BEE8-3B76D913CD26}.Release|Any CPU.Build.0 = Release|Any CPU
		{6BF43809-DDB8-402D-B1B8-40F6D5451C7E}.Debug|Any CPU.ActiveCfg = Debug|Any CPU
		{6BF43809-DDB8-402D-B1B8-40F6D5451C7E}.Debug|Any CPU.Build.0 = Debug|Any CPU
		{6BF43809-DDB8-402D-B1B8-40F6D5451C7E}.Release|Any CPU.ActiveCfg = Release|Any CPU
		{6BF43809-DDB8-402D-B1B8-40F6D5451C7E}.Release|Any CPU.Build.0 = Release|Any CPU
		{2D41FFA2-E585-416C-AE87-E9D5FC5DFCA4}.Debug|Any CPU.ActiveCfg = Debug|Any CPU
		{2D41FFA2-E585-416C-AE87-E9D5FC5DFCA4}.Debug|Any CPU.Build.0 = Debug|Any CPU
		{2D41FFA2-E585-416C-AE87-E9D5FC5DFCA4}.Release|Any CPU.ActiveCfg = Release|Any CPU
		{2D41FFA2-E585-416C-AE87-E9D5FC5DFCA4}.Release|Any CPU.Build.0 = Release|Any CPU
		{DB92861B-909E-4D19-AF2F-B73EB34CEBC5}.Debug|Any CPU.ActiveCfg = Debug|Any CPU
		{DB92861B-909E-4D19-AF2F-B73EB34CEBC5}.Debug|Any CPU.Build.0 = Debug|Any CPU
		{DB92861B-909E-4D19-AF2F-B73EB34CEBC5}.Release|Any CPU.ActiveCfg = Release|Any CPU
		{DB92861B-909E-4D19-AF2F-B73EB34CEBC5}.Release|Any CPU.Build.0 = Release|Any CPU
		{A2DA3367-43B3-4B45-BAAF-58A45CEA7F12}.Debug|Any CPU.ActiveCfg = Debug|Any CPU
		{A2DA3367-43B3-4B45-BAAF-58A45CEA7F12}.Debug|Any CPU.Build.0 = Debug|Any CPU
		{A2DA3367-43B3-4B45-BAAF-58A45CEA7F12}.Release|Any CPU.ActiveCfg = Release|Any CPU
		{A2DA3367-43B3-4B45-BAAF-58A45CEA7F12}.Release|Any CPU.Build.0 = Release|Any CPU
	EndGlobalSection
	GlobalSection(SolutionProperties) = preSolution
		HideSolutionNode = FALSE
	EndGlobalSection
	GlobalSection(ExtensibilityGlobals) = postSolution
		SolutionGuid = {5630FED2-3752-4891-8AB3-80929F6CA377}
	EndGlobalSection
EndGlobal
